// !$*UTF8*$!
{
	archiveVersion = 1;
	classes = {
	};
	objectVersion = 56;
	objects = {

/* Begin PBXBuildFile section */
		AAAAD2E22C86B1BA00D52C76 /* AppDelegate.swift in Sources */ = {isa = PBXBuildFile; fileRef = AAAAD2E12C86B1BA00D52C76 /* AppDelegate.swift */; };
		AAAAD2E42C86B1BA00D52C76 /* SceneDelegate.swift in Sources */ = {isa = PBXBuildFile; fileRef = AAAAD2E32C86B1BA00D52C76 /* SceneDelegate.swift */; };
		AAAAD2E62C86B1BA00D52C76 /* ViewController.swift in Sources */ = {isa = PBXBuildFile; fileRef = AAAAD2E52C86B1BA00D52C76 /* ViewController.swift */; };
		AAAAD2EB2C86B1BB00D52C76 /* Assets.xcassets in Resources */ = {isa = PBXBuildFile; fileRef = AAAAD2EA2C86B1BB00D52C76 /* Assets.xcassets */; };
		AAAAD2EE2C86B1BB00D52C76 /* Base in Resources */ = {isa = PBXBuildFile; fileRef = AAAAD2ED2C86B1BB00D52C76 /* Base */; };
		AAAAD2F92C86B1BB00D52C76 /* CameraTests.swift in Sources */ = {isa = PBXBuildFile; fileRef = AAAAD2F82C86B1BB00D52C76 /* CameraTests.swift */; };
		AAAAD3032C86B1BB00D52C76 /* CameraUITests.swift in Sources */ = {isa = PBXBuildFile; fileRef = AAAAD3022C86B1BB00D52C76 /* CameraUITests.swift */; };
		AAAAD3052C86B1BB00D52C76 /* CameraUITestsLaunchTests.swift in Sources */ = {isa = PBXBuildFile; fileRef = AAAAD3042C86B1BB00D52C76 /* CameraUITestsLaunchTests.swift */; };
		AAAAD3132C86DCAC00D52C76 /* CameraView.swift in Sources */ = {isa = PBXBuildFile; fileRef = AAAAD3122C86DCAC00D52C76 /* CameraView.swift */; };
/* End PBXBuildFile section */

/* Begin PBXContainerItemProxy section */
		AAAAD2F52C86B1BB00D52C76 /* PBXContainerItemProxy */ = {
			isa = PBXContainerItemProxy;
			containerPortal = AAAAD2D62C86B1BA00D52C76 /* Project object */;
			proxyType = 1;
			remoteGlobalIDString = AAAAD2DD2C86B1BA00D52C76;
			remoteInfo = Camera;
		};
		AAAAD2FF2C86B1BB00D52C76 /* PBXContainerItemProxy */ = {
			isa = PBXContainerItemProxy;
			containerPortal = AAAAD2D62C86B1BA00D52C76 /* Project object */;
			proxyType = 1;
			remoteGlobalIDString = AAAAD2DD2C86B1BA00D52C76;
			remoteInfo = Camera;
		};
/* End PBXContainerItemProxy section */

/* Begin PBXFileReference section */
		AAAAD2DE2C86B1BA00D52C76 /* Camera.app */ = {isa = PBXFileReference; explicitFileType = wrapper.application; includeInIndex = 0; path = Camera.app; sourceTree = BUILT_PRODUCTS_DIR; };
		AAAAD2E12C86B1BA00D52C76 /* AppDelegate.swift */ = {isa = PBXFileReference; lastKnownFileType = sourcecode.swift; path = AppDelegate.swift; sourceTree = "<group>"; };
		AAAAD2E32C86B1BA00D52C76 /* SceneDelegate.swift */ = {isa = PBXFileReference; lastKnownFileType = sourcecode.swift; path = SceneDelegate.swift; sourceTree = "<group>"; };
		AAAAD2E52C86B1BA00D52C76 /* ViewController.swift */ = {isa = PBXFileReference; lastKnownFileType = sourcecode.swift; path = ViewController.swift; sourceTree = "<group>"; };
		AAAAD2EA2C86B1BB00D52C76 /* Assets.xcassets */ = {isa = PBXFileReference; lastKnownFileType = folder.assetcatalog; path = Assets.xcassets; sourceTree = "<group>"; };
		AAAAD2ED2C86B1BB00D52C76 /* Base */ = {isa = PBXFileReference; lastKnownFileType = file.storyboard; name = Base; path = Base.lproj/LaunchScreen.storyboard; sourceTree = "<group>"; };
		AAAAD2EF2C86B1BB00D52C76 /* Info.plist */ = {isa = PBXFileReference; lastKnownFileType = text.plist.xml; path = Info.plist; sourceTree = "<group>"; };
		AAAAD2F42C86B1BB00D52C76 /* CameraTests.xctest */ = {isa = PBXFileReference; explicitFileType = wrapper.cfbundle; includeInIndex = 0; path = CameraTests.xctest; sourceTree = BUILT_PRODUCTS_DIR; };
		AAAAD2F82C86B1BB00D52C76 /* CameraTests.swift */ = {isa = PBXFileReference; lastKnownFileType = sourcecode.swift; path = CameraTests.swift; sourceTree = "<group>"; };
		AAAAD2FE2C86B1BB00D52C76 /* CameraUITests.xctest */ = {isa = PBXFileReference; explicitFileType = wrapper.cfbundle; includeInIndex = 0; path = CameraUITests.xctest; sourceTree = BUILT_PRODUCTS_DIR; };
		AAAAD3022C86B1BB00D52C76 /* CameraUITests.swift */ = {isa = PBXFileReference; lastKnownFileType = sourcecode.swift; path = CameraUITests.swift; sourceTree = "<group>"; };
		AAAAD3042C86B1BB00D52C76 /* CameraUITestsLaunchTests.swift */ = {isa = PBXFileReference; lastKnownFileType = sourcecode.swift; path = CameraUITestsLaunchTests.swift; sourceTree = "<group>"; };
		AAAAD3122C86DCAC00D52C76 /* CameraView.swift */ = {isa = PBXFileReference; lastKnownFileType = sourcecode.swift; path = CameraView.swift; sourceTree = "<group>"; };
/* End PBXFileReference section */

/* Begin PBXFrameworksBuildPhase section */
		AAAAD2DB2C86B1BA00D52C76 /* Frameworks */ = {
			isa = PBXFrameworksBuildPhase;
			buildActionMask = 2147483647;
			files = (
			);
			runOnlyForDeploymentPostprocessing = 0;
		};
		AAAAD2F12C86B1BB00D52C76 /* Frameworks */ = {
			isa = PBXFrameworksBuildPhase;
			buildActionMask = 2147483647;
			files = (
			);
			runOnlyForDeploymentPostprocessing = 0;
		};
		AAAAD2FB2C86B1BB00D52C76 /* Frameworks */ = {
			isa = PBXFrameworksBuildPhase;
			buildActionMask = 2147483647;
			files = (
			);
			runOnlyForDeploymentPostprocessing = 0;
		};
/* End PBXFrameworksBuildPhase section */

/* Begin PBXGroup section */
		AAAAD2D52C86B1BA00D52C76 = {
			isa = PBXGroup;
			children = (
				AAAAD2E02C86B1BA00D52C76 /* Camera */,
				AAAAD2F72C86B1BB00D52C76 /* CameraTests */,
				AAAAD3012C86B1BB00D52C76 /* CameraUITests */,
				AAAAD2DF2C86B1BA00D52C76 /* Products */,
			);
			sourceTree = "<group>";
		};
		AAAAD2DF2C86B1BA00D52C76 /* Products */ = {
			isa = PBXGroup;
			children = (
				AAAAD2DE2C86B1BA00D52C76 /* Camera.app */,
				AAAAD2F42C86B1BB00D52C76 /* CameraTests.xctest */,
				AAAAD2FE2C86B1BB00D52C76 /* CameraUITests.xctest */,
			);
			name = Products;
			sourceTree = "<group>";
		};
		AAAAD2E02C86B1BA00D52C76 /* Camera */ = {
			isa = PBXGroup;
			children = (
				AAAAD3112C86DC9A00D52C76 /* View */,
				AAAAD2E12C86B1BA00D52C76 /* AppDelegate.swift */,
				AAAAD2E32C86B1BA00D52C76 /* SceneDelegate.swift */,
				AAAAD2E52C86B1BA00D52C76 /* ViewController.swift */,
				AAAAD2EA2C86B1BB00D52C76 /* Assets.xcassets */,
				AAAAD2EC2C86B1BB00D52C76 /* LaunchScreen.storyboard */,
				AAAAD2EF2C86B1BB00D52C76 /* Info.plist */,
			);
			path = Camera;
			sourceTree = "<group>";
		};
		AAAAD2F72C86B1BB00D52C76 /* CameraTests */ = {
			isa = PBXGroup;
			children = (
				AAAAD2F82C86B1BB00D52C76 /* CameraTests.swift */,
			);
			path = CameraTests;
			sourceTree = "<group>";
		};
		AAAAD3012C86B1BB00D52C76 /* CameraUITests */ = {
			isa = PBXGroup;
			children = (
				AAAAD3022C86B1BB00D52C76 /* CameraUITests.swift */,
				AAAAD3042C86B1BB00D52C76 /* CameraUITestsLaunchTests.swift */,
			);
			path = CameraUITests;
			sourceTree = "<group>";
		};
		AAAAD3112C86DC9A00D52C76 /* View */ = {
			isa = PBXGroup;
			children = (
				AAAAD3122C86DCAC00D52C76 /* CameraView.swift */,
			);
			path = View;
			sourceTree = "<group>";
		};
/* End PBXGroup section */

/* Begin PBXNativeTarget section */
		AAAAD2DD2C86B1BA00D52C76 /* Camera */ = {
			isa = PBXNativeTarget;
			buildConfigurationList = AAAAD3082C86B1BB00D52C76 /* Build configuration list for PBXNativeTarget "Camera" */;
			buildPhases = (
				AAAAD2DA2C86B1BA00D52C76 /* Sources */,
				AAAAD2DB2C86B1BA00D52C76 /* Frameworks */,
				AAAAD2DC2C86B1BA00D52C76 /* Resources */,
			);
			buildRules = (
			);
			dependencies = (
			);
			name = Camera;
			productName = Camera;
			productReference = AAAAD2DE2C86B1BA00D52C76 /* Camera.app */;
			productType = "com.apple.product-type.application";
		};
		AAAAD2F32C86B1BB00D52C76 /* CameraTests */ = {
			isa = PBXNativeTarget;
			buildConfigurationList = AAAAD30B2C86B1BB00D52C76 /* Build configuration list for PBXNativeTarget "CameraTests" */;
			buildPhases = (
				AAAAD2F02C86B1BB00D52C76 /* Sources */,
				AAAAD2F12C86B1BB00D52C76 /* Frameworks */,
				AAAAD2F22C86B1BB00D52C76 /* Resources */,
			);
			buildRules = (
			);
			dependencies = (
				AAAAD2F62C86B1BB00D52C76 /* PBXTargetDependency */,
			);
			name = CameraTests;
			productName = CameraTests;
			productReference = AAAAD2F42C86B1BB00D52C76 /* CameraTests.xctest */;
			productType = "com.apple.product-type.bundle.unit-test";
		};
		AAAAD2FD2C86B1BB00D52C76 /* CameraUITests */ = {
			isa = PBXNativeTarget;
			buildConfigurationList = AAAAD30E2C86B1BB00D52C76 /* Build configuration list for PBXNativeTarget "CameraUITests" */;
			buildPhases = (
				AAAAD2FA2C86B1BB00D52C76 /* Sources */,
				AAAAD2FB2C86B1BB00D52C76 /* Frameworks */,
				AAAAD2FC2C86B1BB00D52C76 /* Resources */,
			);
			buildRules = (
			);
			dependencies = (
				AAAAD3002C86B1BB00D52C76 /* PBXTargetDependency */,
			);
			name = CameraUITests;
			productName = CameraUITests;
			productReference = AAAAD2FE2C86B1BB00D52C76 /* CameraUITests.xctest */;
			productType = "com.apple.product-type.bundle.ui-testing";
		};
/* End PBXNativeTarget section */

/* Begin PBXProject section */
		AAAAD2D62C86B1BA00D52C76 /* Project object */ = {
			isa = PBXProject;
			attributes = {
				BuildIndependentTargetsInParallel = 1;
				LastSwiftUpdateCheck = 1540;
				LastUpgradeCheck = 1540;
				TargetAttributes = {
					AAAAD2DD2C86B1BA00D52C76 = {
						CreatedOnToolsVersion = 15.4;
					};
					AAAAD2F32C86B1BB00D52C76 = {
						CreatedOnToolsVersion = 15.4;
						TestTargetID = AAAAD2DD2C86B1BA00D52C76;
					};
					AAAAD2FD2C86B1BB00D52C76 = {
						CreatedOnToolsVersion = 15.4;
						TestTargetID = AAAAD2DD2C86B1BA00D52C76;
					};
				};
			};
			buildConfigurationList = AAAAD2D92C86B1BA00D52C76 /* Build configuration list for PBXProject "Camera" */;
			compatibilityVersion = "Xcode 14.0";
			developmentRegion = en;
			hasScannedForEncodings = 0;
			knownRegions = (
				en,
				Base,
			);
			mainGroup = AAAAD2D52C86B1BA00D52C76;
			productRefGroup = AAAAD2DF2C86B1BA00D52C76 /* Products */;
			projectDirPath = "";
			projectRoot = "";
			targets = (
				AAAAD2DD2C86B1BA00D52C76 /* Camera */,
				AAAAD2F32C86B1BB00D52C76 /* CameraTests */,
				AAAAD2FD2C86B1BB00D52C76 /* CameraUITests */,
			);
		};
/* End PBXProject section */

/* Begin PBXResourcesBuildPhase section */
		AAAAD2DC2C86B1BA00D52C76 /* Resources */ = {
			isa = PBXResourcesBuildPhase;
			buildActionMask = 2147483647;
			files = (
				AAAAD2EB2C86B1BB00D52C76 /* Assets.xcassets in Resources */,
				AAAAD2EE2C86B1BB00D52C76 /* Base in Resources */,
			);
			runOnlyForDeploymentPostprocessing = 0;
		};
		AAAAD2F22C86B1BB00D52C76 /* Resources */ = {
			isa = PBXResourcesBuildPhase;
			buildActionMask = 2147483647;
			files = (
			);
			runOnlyForDeploymentPostprocessing = 0;
		};
		AAAAD2FC2C86B1BB00D52C76 /* Resources */ = {
			isa = PBXResourcesBuildPhase;
			buildActionMask = 2147483647;
			files = (
			);
			runOnlyForDeploymentPostprocessing = 0;
		};
/* End PBXResourcesBuildPhase section */

/* Begin PBXSourcesBuildPhase section */
		AAAAD2DA2C86B1BA00D52C76 /* Sources */ = {
			isa = PBXSourcesBuildPhase;
			buildActionMask = 2147483647;
			files = (
				AAAAD2E62C86B1BA00D52C76 /* ViewController.swift in Sources */,
				AAAAD2E22C86B1BA00D52C76 /* AppDelegate.swift in Sources */,
				AAAAD2E42C86B1BA00D52C76 /* SceneDelegate.swift in Sources */,
				AAAAD3132C86DCAC00D52C76 /* CameraView.swift in Sources */,
			);
			runOnlyForDeploymentPostprocessing = 0;
		};
		AAAAD2F02C86B1BB00D52C76 /* Sources */ = {
			isa = PBXSourcesBuildPhase;
			buildActionMask = 2147483647;
			files = (
				AAAAD2F92C86B1BB00D52C76 /* CameraTests.swift in Sources */,
			);
			runOnlyForDeploymentPostprocessing = 0;
		};
		AAAAD2FA2C86B1BB00D52C76 /* Sources */ = {
			isa = PBXSourcesBuildPhase;
			buildActionMask = 2147483647;
			files = (
				AAAAD3032C86B1BB00D52C76 /* CameraUITests.swift in Sources */,
				AAAAD3052C86B1BB00D52C76 /* CameraUITestsLaunchTests.swift in Sources */,
			);
			runOnlyForDeploymentPostprocessing = 0;
		};
/* End PBXSourcesBuildPhase section */

/* Begin PBXTargetDependency section */
		AAAAD2F62C86B1BB00D52C76 /* PBXTargetDependency */ = {
			isa = PBXTargetDependency;
			target = AAAAD2DD2C86B1BA00D52C76 /* Camera */;
			targetProxy = AAAAD2F52C86B1BB00D52C76 /* PBXContainerItemProxy */;
		};
		AAAAD3002C86B1BB00D52C76 /* PBXTargetDependency */ = {
			isa = PBXTargetDependency;
			target = AAAAD2DD2C86B1BA00D52C76 /* Camera */;
			targetProxy = AAAAD2FF2C86B1BB00D52C76 /* PBXContainerItemProxy */;
		};
/* End PBXTargetDependency section */

/* Begin PBXVariantGroup section */
		AAAAD2EC2C86B1BB00D52C76 /* LaunchScreen.storyboard */ = {
			isa = PBXVariantGroup;
			children = (
				AAAAD2ED2C86B1BB00D52C76 /* Base */,
			);
			name = LaunchScreen.storyboard;
			sourceTree = "<group>";
		};
/* End PBXVariantGroup section */

/* Begin XCBuildConfiguration section */
		AAAAD3062C86B1BB00D52C76 /* Debug */ = {
			isa = XCBuildConfiguration;
			buildSettings = {
				ALWAYS_SEARCH_USER_PATHS = NO;
				ASSETCATALOG_COMPILER_GENERATE_SWIFT_ASSET_SYMBOL_EXTENSIONS = YES;
				CLANG_ANALYZER_NONNULL = YES;
				CLANG_ANALYZER_NUMBER_OBJECT_CONVERSION = YES_AGGRESSIVE;
				CLANG_CXX_LANGUAGE_STANDARD = "gnu++20";
				CLANG_ENABLE_MODULES = YES;
				CLANG_ENABLE_OBJC_ARC = YES;
				CLANG_ENABLE_OBJC_WEAK = YES;
				CLANG_WARN_BLOCK_CAPTURE_AUTORELEASING = YES;
				CLANG_WARN_BOOL_CONVERSION = YES;
				CLANG_WARN_COMMA = YES;
				CLANG_WARN_CONSTANT_CONVERSION = YES;
				CLANG_WARN_DEPRECATED_OBJC_IMPLEMENTATIONS = YES;
				CLANG_WARN_DIRECT_OBJC_ISA_USAGE = YES_ERROR;
				CLANG_WARN_DOCUMENTATION_COMMENTS = YES;
				CLANG_WARN_EMPTY_BODY = YES;
				CLANG_WARN_ENUM_CONVERSION = YES;
				CLANG_WARN_INFINITE_RECURSION = YES;
				CLANG_WARN_INT_CONVERSION = YES;
				CLANG_WARN_NON_LITERAL_NULL_CONVERSION = YES;
				CLANG_WARN_OBJC_IMPLICIT_RETAIN_SELF = YES;
				CLANG_WARN_OBJC_LITERAL_CONVERSION = YES;
				CLANG_WARN_OBJC_ROOT_CLASS = YES_ERROR;
				CLANG_WARN_QUOTED_INCLUDE_IN_FRAMEWORK_HEADER = YES;
				CLANG_WARN_RANGE_LOOP_ANALYSIS = YES;
				CLANG_WARN_STRICT_PROTOTYPES = YES;
				CLANG_WARN_SUSPICIOUS_MOVE = YES;
				CLANG_WARN_UNGUARDED_AVAILABILITY = YES_AGGRESSIVE;
				CLANG_WARN_UNREACHABLE_CODE = YES;
				CLANG_WARN__DUPLICATE_METHOD_MATCH = YES;
				COPY_PHASE_STRIP = NO;
				DEBUG_INFORMATION_FORMAT = dwarf;
				ENABLE_STRICT_OBJC_MSGSEND = YES;
				ENABLE_TESTABILITY = YES;
				ENABLE_USER_SCRIPT_SANDBOXING = YES;
				GCC_C_LANGUAGE_STANDARD = gnu17;
				GCC_DYNAMIC_NO_PIC = NO;
				GCC_NO_COMMON_BLOCKS = YES;
				GCC_OPTIMIZATION_LEVEL = 0;
				GCC_PREPROCESSOR_DEFINITIONS = (
					"DEBUG=1",
					"$(inherited)",
				);
				GCC_WARN_64_TO_32_BIT_CONVERSION = YES;
				GCC_WARN_ABOUT_RETURN_TYPE = YES_ERROR;
				GCC_WARN_UNDECLARED_SELECTOR = YES;
				GCC_WARN_UNINITIALIZED_AUTOS = YES_AGGRESSIVE;
				GCC_WARN_UNUSED_FUNCTION = YES;
				GCC_WARN_UNUSED_VARIABLE = YES;
				IPHONEOS_DEPLOYMENT_TARGET = 17.5;
				LOCALIZATION_PREFERS_STRING_CATALOGS = YES;
				MTL_ENABLE_DEBUG_INFO = INCLUDE_SOURCE;
				MTL_FAST_MATH = YES;
				ONLY_ACTIVE_ARCH = YES;
				SDKROOT = iphoneos;
				SWIFT_ACTIVE_COMPILATION_CONDITIONS = "DEBUG $(inherited)";
				SWIFT_OPTIMIZATION_LEVEL = "-Onone";
			};
			name = Debug;
		};
		AAAAD3072C86B1BB00D52C76 /* Release */ = {
			isa = XCBuildConfiguration;
			buildSettings = {
				ALWAYS_SEARCH_USER_PATHS = NO;
				ASSETCATALOG_COMPILER_GENERATE_SWIFT_ASSET_SYMBOL_EXTENSIONS = YES;
				CLANG_ANALYZER_NONNULL = YES;
				CLANG_ANALYZER_NUMBER_OBJECT_CONVERSION = YES_AGGRESSIVE;
				CLANG_CXX_LANGUAGE_STANDARD = "gnu++20";
				CLANG_ENABLE_MODULES = YES;
				CLANG_ENABLE_OBJC_ARC = YES;
				CLANG_ENABLE_OBJC_WEAK = YES;
				CLANG_WARN_BLOCK_CAPTURE_AUTORELEASING = YES;
				CLANG_WARN_BOOL_CONVERSION = YES;
				CLANG_WARN_COMMA = YES;
				CLANG_WARN_CONSTANT_CONVERSION = YES;
				CLANG_WARN_DEPRECATED_OBJC_IMPLEMENTATIONS = YES;
				CLANG_WARN_DIRECT_OBJC_ISA_USAGE = YES_ERROR;
				CLANG_WARN_DOCUMENTATION_COMMENTS = YES;
				CLANG_WARN_EMPTY_BODY = YES;
				CLANG_WARN_ENUM_CONVERSION = YES;
				CLANG_WARN_INFINITE_RECURSION = YES;
				CLANG_WARN_INT_CONVERSION = YES;
				CLANG_WARN_NON_LITERAL_NULL_CONVERSION = YES;
				CLANG_WARN_OBJC_IMPLICIT_RETAIN_SELF = YES;
				CLANG_WARN_OBJC_LITERAL_CONVERSION = YES;
				CLANG_WARN_OBJC_ROOT_CLASS = YES_ERROR;
				CLANG_WARN_QUOTED_INCLUDE_IN_FRAMEWORK_HEADER = YES;
				CLANG_WARN_RANGE_LOOP_ANALYSIS = YES;
				CLANG_WARN_STRICT_PROTOTYPES = YES;
				CLANG_WARN_SUSPICIOUS_MOVE = YES;
				CLANG_WARN_UNGUARDED_AVAILABILITY = YES_AGGRESSIVE;
				CLANG_WARN_UNREACHABLE_CODE = YES;
				CLANG_WARN__DUPLICATE_METHOD_MATCH = YES;
				COPY_PHASE_STRIP = NO;
				DEBUG_INFORMATION_FORMAT = "dwarf-with-dsym";
				ENABLE_NS_ASSERTIONS = NO;
				ENABLE_STRICT_OBJC_MSGSEND = YES;
				ENABLE_USER_SCRIPT_SANDBOXING = YES;
				GCC_C_LANGUAGE_STANDARD = gnu17;
				GCC_NO_COMMON_BLOCKS = YES;
				GCC_WARN_64_TO_32_BIT_CONVERSION = YES;
				GCC_WARN_ABOUT_RETURN_TYPE = YES_ERROR;
				GCC_WARN_UNDECLARED_SELECTOR = YES;
				GCC_WARN_UNINITIALIZED_AUTOS = YES_AGGRESSIVE;
				GCC_WARN_UNUSED_FUNCTION = YES;
				GCC_WARN_UNUSED_VARIABLE = YES;
				IPHONEOS_DEPLOYMENT_TARGET = 17.5;
				LOCALIZATION_PREFERS_STRING_CATALOGS = YES;
				MTL_ENABLE_DEBUG_INFO = NO;
				MTL_FAST_MATH = YES;
				SDKROOT = iphoneos;
				SWIFT_COMPILATION_MODE = wholemodule;
				VALIDATE_PRODUCT = YES;
			};
			name = Release;
		};
		AAAAD3092C86B1BB00D52C76 /* Debug */ = {
			isa = XCBuildConfiguration;
			buildSettings = {
				ASSETCATALOG_COMPILER_APPICON_NAME = AppIcon;
				ASSETCATALOG_COMPILER_GLOBAL_ACCENT_COLOR_NAME = AccentColor;
				CODE_SIGN_STYLE = Automatic;
				CURRENT_PROJECT_VERSION = 1;
				DEVELOPMENT_TEAM = 24489HL9PA;
				GENERATE_INFOPLIST_FILE = YES;
				INFOPLIST_FILE = Camera/Info.plist;
				INFOPLIST_KEY_NSCameraUsageDescription = "테스트로 쓸꺼얌";
				INFOPLIST_KEY_UIApplicationSupportsIndirectInputEvents = YES;
				INFOPLIST_KEY_UILaunchStoryboardName = LaunchScreen;
				INFOPLIST_KEY_UIMainStoryboardFile = Main;
				INFOPLIST_KEY_UISupportedInterfaceOrientations_iPad = "UIInterfaceOrientationPortrait UIInterfaceOrientationPortraitUpsideDown UIInterfaceOrientationLandscapeLeft UIInterfaceOrientationLandscapeRight";
				INFOPLIST_KEY_UISupportedInterfaceOrientations_iPhone = "UIInterfaceOrientationPortrait UIInterfaceOrientationLandscapeLeft UIInterfaceOrientationLandscapeRight";
				LD_RUNPATH_SEARCH_PATHS = (
					"$(inherited)",
					"@executable_path/Frameworks",
				);
				MARKETING_VERSION = 1.0;
				PRODUCT_BUNDLE_IDENTIFIER = com.sojin.Camera;
				PRODUCT_NAME = "$(TARGET_NAME)";
				SWIFT_EMIT_LOC_STRINGS = YES;
				SWIFT_VERSION = 5.0;
				TARGETED_DEVICE_FAMILY = "1,2";
			};
			name = Debug;
		};
		AAAAD30A2C86B1BB00D52C76 /* Release */ = {
			isa = XCBuildConfiguration;
			buildSettings = {
				ASSETCATALOG_COMPILER_APPICON_NAME = AppIcon;
				ASSETCATALOG_COMPILER_GLOBAL_ACCENT_COLOR_NAME = AccentColor;
				CODE_SIGN_STYLE = Automatic;
				CURRENT_PROJECT_VERSION = 1;
				DEVELOPMENT_TEAM = 24489HL9PA;
				GENERATE_INFOPLIST_FILE = YES;
				INFOPLIST_FILE = Camera/Info.plist;
				INFOPLIST_KEY_NSCameraUsageDescription = "테스트로 쓸꺼얌";
				INFOPLIST_KEY_UIApplicationSupportsIndirectInputEvents = YES;
				INFOPLIST_KEY_UILaunchStoryboardName = LaunchScreen;
				INFOPLIST_KEY_UIMainStoryboardFile = Main;
				INFOPLIST_KEY_UISupportedInterfaceOrientations_iPad = "UIInterfaceOrientationPortrait UIInterfaceOrientationPortraitUpsideDown UIInterfaceOrientationLandscapeLeft UIInterfaceOrientationLandscapeRight";
				INFOPLIST_KEY_UISupportedInterfaceOrientations_iPhone = "UIInterfaceOrientationPortrait UIInterfaceOrientationLandscapeLeft UIInterfaceOrientationLandscapeRight";
				LD_RUNPATH_SEARCH_PATHS = (
					"$(inherited)",
					"@executable_path/Frameworks",
				);
				MARKETING_VERSION = 1.0;
				PRODUCT_BUNDLE_IDENTIFIER = com.sojin.Camera;
				PRODUCT_NAME = "$(TARGET_NAME)";
				SWIFT_EMIT_LOC_STRINGS = YES;
				SWIFT_VERSION = 5.0;
				TARGETED_DEVICE_FAMILY = "1,2";
			};
			name = Release;
		};
		AAAAD30C2C86B1BB00D52C76 /* Debug */ = {
			isa = XCBuildConfiguration;
			buildSettings = {
				ALWAYS_EMBED_SWIFT_STANDARD_LIBRARIES = YES;
				BUNDLE_LOADER = "$(TEST_HOST)";
				CODE_SIGN_STYLE = Automatic;
				CURRENT_PROJECT_VERSION = 1;
				DEVELOPMENT_TEAM = 24489HL9PA;
				GENERATE_INFOPLIST_FILE = YES;
				IPHONEOS_DEPLOYMENT_TARGET = 17.5;
				MARKETING_VERSION = 1.0;
				PRODUCT_BUNDLE_IDENTIFIER = com.sojin.CameraTests;
				PRODUCT_NAME = "$(TARGET_NAME)";
				SWIFT_EMIT_LOC_STRINGS = NO;
				SWIFT_VERSION = 5.0;
				TARGETED_DEVICE_FAMILY = "1,2";
				TEST_HOST = "$(BUILT_PRODUCTS_DIR)/Camera.app/$(BUNDLE_EXECUTABLE_FOLDER_PATH)/Camera";
			};
			name = Debug;
		};
		AAAAD30D2C86B1BB00D52C76 /* Release */ = {
			isa = XCBuildConfiguration;
			buildSettings = {
				ALWAYS_EMBED_SWIFT_STANDARD_LIBRARIES = YES;
				BUNDLE_LOADER = "$(TEST_HOST)";
				CODE_SIGN_STYLE = Automatic;
				CURRENT_PROJECT_VERSION = 1;
				DEVELOPMENT_TEAM = 24489HL9PA;
				GENERATE_INFOPLIST_FILE = YES;
				IPHONEOS_DEPLOYMENT_TARGET = 17.5;
				MARKETING_VERSION = 1.0;
				PRODUCT_BUNDLE_IDENTIFIER = com.sojin.CameraTests;
				PRODUCT_NAME = "$(TARGET_NAME)";
				SWIFT_EMIT_LOC_STRINGS = NO;
				SWIFT_VERSION = 5.0;
				TARGETED_DEVICE_FAMILY = "1,2";
				TEST_HOST = "$(BUILT_PRODUCTS_DIR)/Camera.app/$(BUNDLE_EXECUTABLE_FOLDER_PATH)/Camera";
			};
			name = Release;
		};
		AAAAD30F2C86B1BB00D52C76 /* Debug */ = {
			isa = XCBuildConfiguration;
			buildSettings = {
				ALWAYS_EMBED_SWIFT_STANDARD_LIBRARIES = YES;
				CODE_SIGN_STYLE = Automatic;
				CURRENT_PROJECT_VERSION = 1;
				DEVELOPMENT_TEAM = 24489HL9PA;
				GENERATE_INFOPLIST_FILE = YES;
				MARKETING_VERSION = 1.0;
				PRODUCT_BUNDLE_IDENTIFIER = com.sojin.CameraUITests;
				PRODUCT_NAME = "$(TARGET_NAME)";
				SWIFT_EMIT_LOC_STRINGS = NO;
				SWIFT_VERSION = 5.0;
				TARGETED_DEVICE_FAMILY = "1,2";
				TEST_TARGET_NAME = Camera;
			};
			name = Debug;
		};
		AAAAD3102C86B1BB00D52C76 /* Release */ = {
			isa = XCBuildConfiguration;
			buildSettings = {
				ALWAYS_EMBED_SWIFT_STANDARD_LIBRARIES = YES;
				CODE_SIGN_STYLE = Automatic;
				CURRENT_PROJECT_VERSION = 1;
				DEVELOPMENT_TEAM = 24489HL9PA;
				GENERATE_INFOPLIST_FILE = YES;
				MARKETING_VERSION = 1.0;
				PRODUCT_BUNDLE_IDENTIFIER = com.sojin.CameraUITests;
				PRODUCT_NAME = "$(TARGET_NAME)";
				SWIFT_EMIT_LOC_STRINGS = NO;
				SWIFT_VERSION = 5.0;
				TARGETED_DEVICE_FAMILY = "1,2";
				TEST_TARGET_NAME = Camera;
			};
			name = Release;
		};
/* End XCBuildConfiguration section */

/* Begin XCConfigurationList section */
		AAAAD2D92C86B1BA00D52C76 /* Build configuration list for PBXProject "Camera" */ = {
			isa = XCConfigurationList;
			buildConfigurations = (
				AAAAD3062C86B1BB00D52C76 /* Debug */,
				AAAAD3072C86B1BB00D52C76 /* Release */,
			);
			defaultConfigurationIsVisible = 0;
			defaultConfigurationName = Release;
		};
		AAAAD3082C86B1BB00D52C76 /* Build configuration list for PBXNativeTarget "Camera" */ = {
			isa = XCConfigurationList;
			buildConfigurations = (
				AAAAD3092C86B1BB00D52C76 /* Debug */,
				AAAAD30A2C86B1BB00D52C76 /* Release */,
			);
			defaultConfigurationIsVisible = 0;
			defaultConfigurationName = Release;
		};
		AAAAD30B2C86B1BB00D52C76 /* Build configuration list for PBXNativeTarget "CameraTests" */ = {
			isa = XCConfigurationList;
			buildConfigurations = (
				AAAAD30C2C86B1BB00D52C76 /* Debug */,
				AAAAD30D2C86B1BB00D52C76 /* Release */,
			);
			defaultConfigurationIsVisible = 0;
			defaultConfigurationName = Release;
		};
		AAAAD30E2C86B1BB00D52C76 /* Build configuration list for PBXNativeTarget "CameraUITests" */ = {
			isa = XCConfigurationList;
			buildConfigurations = (
				AAAAD30F2C86B1BB00D52C76 /* Debug */,
				AAAAD3102C86B1BB00D52C76 /* Release */,
			);
			defaultConfigurationIsVisible = 0;
			defaultConfigurationName = Release;
		};
/* End XCConfigurationList section */
	};
	rootObject = AAAAD2D62C86B1BA00D52C76 /* Project object */;
}
