// !$*UTF8*$!
{
	archiveVersion = 1;
	classes = {
	};
	objectVersion = 56;
	objects = {

/* Begin PBXBuildFile section */
		AAA17FAC2C8FF354002D2276 /* AppDelegate.swift in Sources */ = {isa = PBXBuildFile; fileRef = AAA17FAB2C8FF354002D2276 /* AppDelegate.swift */; };
		AAA17FAE2C8FF354002D2276 /* SceneDelegate.swift in Sources */ = {isa = PBXBuildFile; fileRef = AAA17FAD2C8FF354002D2276 /* SceneDelegate.swift */; };
		AAA17FB02C8FF354002D2276 /* ViewController.swift in Sources */ = {isa = PBXBuildFile; fileRef = AAA17FAF2C8FF354002D2276 /* ViewController.swift */; };
		AAA17FB52C8FF355002D2276 /* Assets.xcassets in Resources */ = {isa = PBXBuildFile; fileRef = AAA17FB42C8FF355002D2276 /* Assets.xcassets */; };
		AAA17FB82C8FF355002D2276 /* Base in Resources */ = {isa = PBXBuildFile; fileRef = AAA17FB72C8FF355002D2276 /* Base */; };
		AAA17FC32C8FF355002D2276 /* ProjectCameraTests.swift in Sources */ = {isa = PBXBuildFile; fileRef = AAA17FC22C8FF355002D2276 /* ProjectCameraTests.swift */; };
		AAA17FCD2C8FF355002D2276 /* ProjectCameraUITests.swift in Sources */ = {isa = PBXBuildFile; fileRef = AAA17FCC2C8FF355002D2276 /* ProjectCameraUITests.swift */; };
		AAA17FCF2C8FF355002D2276 /* ProjectCameraUITestsLaunchTests.swift in Sources */ = {isa = PBXBuildFile; fileRef = AAA17FCE2C8FF355002D2276 /* ProjectCameraUITestsLaunchTests.swift */; };
		AAA17FDC2C8FF3ED002D2276 /* CameraView.swift in Sources */ = {isa = PBXBuildFile; fileRef = AAA17FDB2C8FF3ED002D2276 /* CameraView.swift */; };
/* End PBXBuildFile section */

/* Begin PBXContainerItemProxy section */
		AAA17FBF2C8FF355002D2276 /* PBXContainerItemProxy */ = {
			isa = PBXContainerItemProxy;
			containerPortal = AAA17FA02C8FF354002D2276 /* Project object */;
			proxyType = 1;
			remoteGlobalIDString = AAA17FA72C8FF354002D2276;
			remoteInfo = ProjectCamera;
		};
		AAA17FC92C8FF355002D2276 /* PBXContainerItemProxy */ = {
			isa = PBXContainerItemProxy;
			containerPortal = AAA17FA02C8FF354002D2276 /* Project object */;
			proxyType = 1;
			remoteGlobalIDString = AAA17FA72C8FF354002D2276;
			remoteInfo = ProjectCamera;
		};
/* End PBXContainerItemProxy section */

/* Begin PBXFileReference section */
		AAA17FA82C8FF354002D2276 /* ProjectCamera.app */ = {isa = PBXFileReference; explicitFileType = wrapper.application; includeInIndex = 0; path = ProjectCamera.app; sourceTree = BUILT_PRODUCTS_DIR; };
		AAA17FAB2C8FF354002D2276 /* AppDelegate.swift */ = {isa = PBXFileReference; lastKnownFileType = sourcecode.swift; path = AppDelegate.swift; sourceTree = "<group>"; };
		AAA17FAD2C8FF354002D2276 /* SceneDelegate.swift */ = {isa = PBXFileReference; lastKnownFileType = sourcecode.swift; path = SceneDelegate.swift; sourceTree = "<group>"; };
		AAA17FAF2C8FF354002D2276 /* ViewController.swift */ = {isa = PBXFileReference; lastKnownFileType = sourcecode.swift; path = ViewController.swift; sourceTree = "<group>"; };
		AAA17FB42C8FF355002D2276 /* Assets.xcassets */ = {isa = PBXFileReference; lastKnownFileType = folder.assetcatalog; path = Assets.xcassets; sourceTree = "<group>"; };
		AAA17FB72C8FF355002D2276 /* Base */ = {isa = PBXFileReference; lastKnownFileType = file.storyboard; name = Base; path = Base.lproj/LaunchScreen.storyboard; sourceTree = "<group>"; };
		AAA17FB92C8FF355002D2276 /* Info.plist */ = {isa = PBXFileReference; lastKnownFileType = text.plist.xml; path = Info.plist; sourceTree = "<group>"; };
		AAA17FBE2C8FF355002D2276 /* ProjectCameraTests.xctest */ = {isa = PBXFileReference; explicitFileType = wrapper.cfbundle; includeInIndex = 0; path = ProjectCameraTests.xctest; sourceTree = BUILT_PRODUCTS_DIR; };
		AAA17FC22C8FF355002D2276 /* ProjectCameraTests.swift */ = {isa = PBXFileReference; lastKnownFileType = sourcecode.swift; path = ProjectCameraTests.swift; sourceTree = "<group>"; };
		AAA17FC82C8FF355002D2276 /* ProjectCameraUITests.xctest */ = {isa = PBXFileReference; explicitFileType = wrapper.cfbundle; includeInIndex = 0; path = ProjectCameraUITests.xctest; sourceTree = BUILT_PRODUCTS_DIR; };
		AAA17FCC2C8FF355002D2276 /* ProjectCameraUITests.swift */ = {isa = PBXFileReference; lastKnownFileType = sourcecode.swift; path = ProjectCameraUITests.swift; sourceTree = "<group>"; };
		AAA17FCE2C8FF355002D2276 /* ProjectCameraUITestsLaunchTests.swift */ = {isa = PBXFileReference; lastKnownFileType = sourcecode.swift; path = ProjectCameraUITestsLaunchTests.swift; sourceTree = "<group>"; };
		AAA17FDB2C8FF3ED002D2276 /* CameraView.swift */ = {isa = PBXFileReference; lastKnownFileType = sourcecode.swift; path = CameraView.swift; sourceTree = "<group>"; };
/* End PBXFileReference section */

/* Begin PBXFrameworksBuildPhase section */
		AAA17FA52C8FF354002D2276 /* Frameworks */ = {
			isa = PBXFrameworksBuildPhase;
			buildActionMask = 2147483647;
			files = (
			);
			runOnlyForDeploymentPostprocessing = 0;
		};
		AAA17FBB2C8FF355002D2276 /* Frameworks */ = {
			isa = PBXFrameworksBuildPhase;
			buildActionMask = 2147483647;
			files = (
			);
			runOnlyForDeploymentPostprocessing = 0;
		};
		AAA17FC52C8FF355002D2276 /* Frameworks */ = {
			isa = PBXFrameworksBuildPhase;
			buildActionMask = 2147483647;
			files = (
			);
			runOnlyForDeploymentPostprocessing = 0;
		};
/* End PBXFrameworksBuildPhase section */

/* Begin PBXGroup section */
		AAA17F9F2C8FF354002D2276 = {
			isa = PBXGroup;
			children = (
				AAA17FAA2C8FF354002D2276 /* ProjectCamera */,
				AAA17FC12C8FF355002D2276 /* ProjectCameraTests */,
				AAA17FCB2C8FF355002D2276 /* ProjectCameraUITests */,
				AAA17FA92C8FF354002D2276 /* Products */,
			);
			sourceTree = "<group>";
		};
		AAA17FA92C8FF354002D2276 /* Products */ = {
			isa = PBXGroup;
			children = (
				AAA17FA82C8FF354002D2276 /* ProjectCamera.app */,
				AAA17FBE2C8FF355002D2276 /* ProjectCameraTests.xctest */,
				AAA17FC82C8FF355002D2276 /* ProjectCameraUITests.xctest */,
			);
			name = Products;
			sourceTree = "<group>";
		};
		AAA17FAA2C8FF354002D2276 /* ProjectCamera */ = {
			isa = PBXGroup;
			children = (
				AAA17FAB2C8FF354002D2276 /* AppDelegate.swift */,
				AAA17FAD2C8FF354002D2276 /* SceneDelegate.swift */,
				AAA17FDB2C8FF3ED002D2276 /* CameraView.swift */,
				AAA17FAF2C8FF354002D2276 /* ViewController.swift */,
				AAA17FB42C8FF355002D2276 /* Assets.xcassets */,
				AAA17FB62C8FF355002D2276 /* LaunchScreen.storyboard */,
				AAA17FB92C8FF355002D2276 /* Info.plist */,
			);
			path = ProjectCamera;
			sourceTree = "<group>";
		};
		AAA17FC12C8FF355002D2276 /* ProjectCameraTests */ = {
			isa = PBXGroup;
			children = (
				AAA17FC22C8FF355002D2276 /* ProjectCameraTests.swift */,
			);
			path = ProjectCameraTests;
			sourceTree = "<group>";
		};
		AAA17FCB2C8FF355002D2276 /* ProjectCameraUITests */ = {
			isa = PBXGroup;
			children = (
				AAA17FCC2C8FF355002D2276 /* ProjectCameraUITests.swift */,
				AAA17FCE2C8FF355002D2276 /* ProjectCameraUITestsLaunchTests.swift */,
			);
			path = ProjectCameraUITests;
			sourceTree = "<group>";
		};
/* End PBXGroup section */

/* Begin PBXNativeTarget section */
		AAA17FA72C8FF354002D2276 /* ProjectCamera */ = {
			isa = PBXNativeTarget;
			buildConfigurationList = AAA17FD22C8FF355002D2276 /* Build configuration list for PBXNativeTarget "ProjectCamera" */;
			buildPhases = (
				AAA17FA42C8FF354002D2276 /* Sources */,
				AAA17FA52C8FF354002D2276 /* Frameworks */,
				AAA17FA62C8FF354002D2276 /* Resources */,
			);
			buildRules = (
			);
			dependencies = (
			);
			name = ProjectCamera;
			productName = ProjectCamera;
			productReference = AAA17FA82C8FF354002D2276 /* ProjectCamera.app */;
			productType = "com.apple.product-type.application";
		};
		AAA17FBD2C8FF355002D2276 /* ProjectCameraTests */ = {
			isa = PBXNativeTarget;
			buildConfigurationList = AAA17FD52C8FF355002D2276 /* Build configuration list for PBXNativeTarget "ProjectCameraTests" */;
			buildPhases = (
				AAA17FBA2C8FF355002D2276 /* Sources */,
				AAA17FBB2C8FF355002D2276 /* Frameworks */,
				AAA17FBC2C8FF355002D2276 /* Resources */,
			);
			buildRules = (
			);
			dependencies = (
				AAA17FC02C8FF355002D2276 /* PBXTargetDependency */,
			);
			name = ProjectCameraTests;
			productName = ProjectCameraTests;
			productReference = AAA17FBE2C8FF355002D2276 /* ProjectCameraTests.xctest */;
			productType = "com.apple.product-type.bundle.unit-test";
		};
		AAA17FC72C8FF355002D2276 /* ProjectCameraUITests */ = {
			isa = PBXNativeTarget;
			buildConfigurationList = AAA17FD82C8FF355002D2276 /* Build configuration list for PBXNativeTarget "ProjectCameraUITests" */;
			buildPhases = (
				AAA17FC42C8FF355002D2276 /* Sources */,
				AAA17FC52C8FF355002D2276 /* Frameworks */,
				AAA17FC62C8FF355002D2276 /* Resources */,
			);
			buildRules = (
			);
			dependencies = (
				AAA17FCA2C8FF355002D2276 /* PBXTargetDependency */,
			);
			name = ProjectCameraUITests;
			productName = ProjectCameraUITests;
			productReference = AAA17FC82C8FF355002D2276 /* ProjectCameraUITests.xctest */;
			productType = "com.apple.product-type.bundle.ui-testing";
		};
/* End PBXNativeTarget section */

/* Begin PBXProject section */
		AAA17FA02C8FF354002D2276 /* Project object */ = {
			isa = PBXProject;
			attributes = {
				BuildIndependentTargetsInParallel = 1;
				LastSwiftUpdateCheck = 1540;
				LastUpgradeCheck = 1540;
				TargetAttributes = {
					AAA17FA72C8FF354002D2276 = {
						CreatedOnToolsVersion = 15.4;
					};
					AAA17FBD2C8FF355002D2276 = {
						CreatedOnToolsVersion = 15.4;
						TestTargetID = AAA17FA72C8FF354002D2276;
					};
					AAA17FC72C8FF355002D2276 = {
						CreatedOnToolsVersion = 15.4;
						TestTargetID = AAA17FA72C8FF354002D2276;
					};
				};
			};
			buildConfigurationList = AAA17FA32C8FF354002D2276 /* Build configuration list for PBXProject "ProjectCamera" */;
			compatibilityVersion = "Xcode 14.0";
			developmentRegion = en;
			hasScannedForEncodings = 0;
			knownRegions = (
				en,
				Base,
			);
			mainGroup = AAA17F9F2C8FF354002D2276;
			productRefGroup = AAA17FA92C8FF354002D2276 /* Products */;
			projectDirPath = "";
			projectRoot = "";
			targets = (
				AAA17FA72C8FF354002D2276 /* ProjectCamera */,
				AAA17FBD2C8FF355002D2276 /* ProjectCameraTests */,
				AAA17FC72C8FF355002D2276 /* ProjectCameraUITests */,
			);
		};
/* End PBXProject section */

/* Begin PBXResourcesBuildPhase section */
		AAA17FA62C8FF354002D2276 /* Resources */ = {
			isa = PBXResourcesBuildPhase;
			buildActionMask = 2147483647;
			files = (
				AAA17FB52C8FF355002D2276 /* Assets.xcassets in Resources */,
				AAA17FB82C8FF355002D2276 /* Base in Resources */,
			);
			runOnlyForDeploymentPostprocessing = 0;
		};
		AAA17FBC2C8FF355002D2276 /* Resources */ = {
			isa = PBXResourcesBuildPhase;
			buildActionMask = 2147483647;
			files = (
			);
			runOnlyForDeploymentPostprocessing = 0;
		};
		AAA17FC62C8FF355002D2276 /* Resources */ = {
			isa = PBXResourcesBuildPhase;
			buildActionMask = 2147483647;
			files = (
			);
			runOnlyForDeploymentPostprocessing = 0;
		};
/* End PBXResourcesBuildPhase section */

/* Begin PBXSourcesBuildPhase section */
		AAA17FA42C8FF354002D2276 /* Sources */ = {
			isa = PBXSourcesBuildPhase;
			buildActionMask = 2147483647;
			files = (
				AAA17FB02C8FF354002D2276 /* ViewController.swift in Sources */,
				AAA17FAC2C8FF354002D2276 /* AppDelegate.swift in Sources */,
				AAA17FAE2C8FF354002D2276 /* SceneDelegate.swift in Sources */,
				AAA17FDC2C8FF3ED002D2276 /* CameraView.swift in Sources */,
			);
			runOnlyForDeploymentPostprocessing = 0;
		};
		AAA17FBA2C8FF355002D2276 /* Sources */ = {
			isa = PBXSourcesBuildPhase;
			buildActionMask = 2147483647;
			files = (
				AAA17FC32C8FF355002D2276 /* ProjectCameraTests.swift in Sources */,
			);
			runOnlyForDeploymentPostprocessing = 0;
		};
		AAA17FC42C8FF355002D2276 /* Sources */ = {
			isa = PBXSourcesBuildPhase;
			buildActionMask = 2147483647;
			files = (
				AAA17FCD2C8FF355002D2276 /* ProjectCameraUITests.swift in Sources */,
				AAA17FCF2C8FF355002D2276 /* ProjectCameraUITestsLaunchTests.swift in Sources */,
			);
			runOnlyForDeploymentPostprocessing = 0;
		};
/* End PBXSourcesBuildPhase section */

/* Begin PBXTargetDependency section */
		AAA17FC02C8FF355002D2276 /* PBXTargetDependency */ = {
			isa = PBXTargetDependency;
			target = AAA17FA72C8FF354002D2276 /* ProjectCamera */;
			targetProxy = AAA17FBF2C8FF355002D2276 /* PBXContainerItemProxy */;
		};
		AAA17FCA2C8FF355002D2276 /* PBXTargetDependency */ = {
			isa = PBXTargetDependency;
			target = AAA17FA72C8FF354002D2276 /* ProjectCamera */;
			targetProxy = AAA17FC92C8FF355002D2276 /* PBXContainerItemProxy */;
		};
/* End PBXTargetDependency section */

/* Begin PBXVariantGroup section */
		AAA17FB62C8FF355002D2276 /* LaunchScreen.storyboard */ = {
			isa = PBXVariantGroup;
			children = (
				AAA17FB72C8FF355002D2276 /* Base */,
			);
			name = LaunchScreen.storyboard;
			sourceTree = "<group>";
		};
/* End PBXVariantGroup section */

/* Begin XCBuildConfiguration section */
		AAA17FD02C8FF355002D2276 /* Debug */ = {
			isa = XCBuildConfiguration;
			buildSettings = {
				ALWAYS_SEARCH_USER_PATHS = NO;
				ASSETCATALOG_COMPILER_GENERATE_SWIFT_ASSET_SYMBOL_EXTENSIONS = YES;
				CLANG_ANALYZER_NONNULL = YES;
				CLANG_ANALYZER_NUMBER_OBJECT_CONVERSION = YES_AGGRESSIVE;
				CLANG_CXX_LANGUAGE_STANDARD = "gnu++20";
				CLANG_ENABLE_MODULES = YES;
				CLANG_ENABLE_OBJC_ARC = YES;
				CLANG_ENABLE_OBJC_WEAK = YES;
				CLANG_WARN_BLOCK_CAPTURE_AUTORELEASING = YES;
				CLANG_WARN_BOOL_CONVERSION = YES;
				CLANG_WARN_COMMA = YES;
				CLANG_WARN_CONSTANT_CONVERSION = YES;
				CLANG_WARN_DEPRECATED_OBJC_IMPLEMENTATIONS = YES;
				CLANG_WARN_DIRECT_OBJC_ISA_USAGE = YES_ERROR;
				CLANG_WARN_DOCUMENTATION_COMMENTS = YES;
				CLANG_WARN_EMPTY_BODY = YES;
				CLANG_WARN_ENUM_CONVERSION = YES;
				CLANG_WARN_INFINITE_RECURSION = YES;
				CLANG_WARN_INT_CONVERSION = YES;
				CLANG_WARN_NON_LITERAL_NULL_CONVERSION = YES;
				CLANG_WARN_OBJC_IMPLICIT_RETAIN_SELF = YES;
				CLANG_WARN_OBJC_LITERAL_CONVERSION = YES;
				CLANG_WARN_OBJC_ROOT_CLASS = YES_ERROR;
				CLANG_WARN_QUOTED_INCLUDE_IN_FRAMEWORK_HEADER = YES;
				CLANG_WARN_RANGE_LOOP_ANALYSIS = YES;
				CLANG_WARN_STRICT_PROTOTYPES = YES;
				CLANG_WARN_SUSPICIOUS_MOVE = YES;
				CLANG_WARN_UNGUARDED_AVAILABILITY = YES_AGGRESSIVE;
				CLANG_WARN_UNREACHABLE_CODE = YES;
				CLANG_WARN__DUPLICATE_METHOD_MATCH = YES;
				COPY_PHASE_STRIP = NO;
				DEBUG_INFORMATION_FORMAT = dwarf;
				ENABLE_STRICT_OBJC_MSGSEND = YES;
				ENABLE_TESTABILITY = YES;
				ENABLE_USER_SCRIPT_SANDBOXING = YES;
				GCC_C_LANGUAGE_STANDARD = gnu17;
				GCC_DYNAMIC_NO_PIC = NO;
				GCC_NO_COMMON_BLOCKS = YES;
				GCC_OPTIMIZATION_LEVEL = 0;
				GCC_PREPROCESSOR_DEFINITIONS = (
					"DEBUG=1",
					"$(inherited)",
				);
				GCC_WARN_64_TO_32_BIT_CONVERSION = YES;
				GCC_WARN_ABOUT_RETURN_TYPE = YES_ERROR;
				GCC_WARN_UNDECLARED_SELECTOR = YES;
				GCC_WARN_UNINITIALIZED_AUTOS = YES_AGGRESSIVE;
				GCC_WARN_UNUSED_FUNCTION = YES;
				GCC_WARN_UNUSED_VARIABLE = YES;
				IPHONEOS_DEPLOYMENT_TARGET = 17.5;
				LOCALIZATION_PREFERS_STRING_CATALOGS = YES;
				MTL_ENABLE_DEBUG_INFO = INCLUDE_SOURCE;
				MTL_FAST_MATH = YES;
				ONLY_ACTIVE_ARCH = YES;
				SDKROOT = iphoneos;
				SWIFT_ACTIVE_COMPILATION_CONDITIONS = "DEBUG $(inherited)";
				SWIFT_OPTIMIZATION_LEVEL = "-Onone";
			};
			name = Debug;
		};
		AAA17FD12C8FF355002D2276 /* Release */ = {
			isa = XCBuildConfiguration;
			buildSettings = {
				ALWAYS_SEARCH_USER_PATHS = NO;
				ASSETCATALOG_COMPILER_GENERATE_SWIFT_ASSET_SYMBOL_EXTENSIONS = YES;
				CLANG_ANALYZER_NONNULL = YES;
				CLANG_ANALYZER_NUMBER_OBJECT_CONVERSION = YES_AGGRESSIVE;
				CLANG_CXX_LANGUAGE_STANDARD = "gnu++20";
				CLANG_ENABLE_MODULES = YES;
				CLANG_ENABLE_OBJC_ARC = YES;
				CLANG_ENABLE_OBJC_WEAK = YES;
				CLANG_WARN_BLOCK_CAPTURE_AUTORELEASING = YES;
				CLANG_WARN_BOOL_CONVERSION = YES;
				CLANG_WARN_COMMA = YES;
				CLANG_WARN_CONSTANT_CONVERSION = YES;
				CLANG_WARN_DEPRECATED_OBJC_IMPLEMENTATIONS = YES;
				CLANG_WARN_DIRECT_OBJC_ISA_USAGE = YES_ERROR;
				CLANG_WARN_DOCUMENTATION_COMMENTS = YES;
				CLANG_WARN_EMPTY_BODY = YES;
				CLANG_WARN_ENUM_CONVERSION = YES;
				CLANG_WARN_INFINITE_RECURSION = YES;
				CLANG_WARN_INT_CONVERSION = YES;
				CLANG_WARN_NON_LITERAL_NULL_CONVERSION = YES;
				CLANG_WARN_OBJC_IMPLICIT_RETAIN_SELF = YES;
				CLANG_WARN_OBJC_LITERAL_CONVERSION = YES;
				CLANG_WARN_OBJC_ROOT_CLASS = YES_ERROR;
				CLANG_WARN_QUOTED_INCLUDE_IN_FRAMEWORK_HEADER = YES;
				CLANG_WARN_RANGE_LOOP_ANALYSIS = YES;
				CLANG_WARN_STRICT_PROTOTYPES = YES;
				CLANG_WARN_SUSPICIOUS_MOVE = YES;
				CLANG_WARN_UNGUARDED_AVAILABILITY = YES_AGGRESSIVE;
				CLANG_WARN_UNREACHABLE_CODE = YES;
				CLANG_WARN__DUPLICATE_METHOD_MATCH = YES;
				COPY_PHASE_STRIP = NO;
				DEBUG_INFORMATION_FORMAT = "dwarf-with-dsym";
				ENABLE_NS_ASSERTIONS = NO;
				ENABLE_STRICT_OBJC_MSGSEND = YES;
				ENABLE_USER_SCRIPT_SANDBOXING = YES;
				GCC_C_LANGUAGE_STANDARD = gnu17;
				GCC_NO_COMMON_BLOCKS = YES;
				GCC_WARN_64_TO_32_BIT_CONVERSION = YES;
				GCC_WARN_ABOUT_RETURN_TYPE = YES_ERROR;
				GCC_WARN_UNDECLARED_SELECTOR = YES;
				GCC_WARN_UNINITIALIZED_AUTOS = YES_AGGRESSIVE;
				GCC_WARN_UNUSED_FUNCTION = YES;
				GCC_WARN_UNUSED_VARIABLE = YES;
				IPHONEOS_DEPLOYMENT_TARGET = 17.5;
				LOCALIZATION_PREFERS_STRING_CATALOGS = YES;
				MTL_ENABLE_DEBUG_INFO = NO;
				MTL_FAST_MATH = YES;
				SDKROOT = iphoneos;
				SWIFT_COMPILATION_MODE = wholemodule;
				VALIDATE_PRODUCT = YES;
			};
			name = Release;
		};
		AAA17FD32C8FF355002D2276 /* Debug */ = {
			isa = XCBuildConfiguration;
			buildSettings = {
				ASSETCATALOG_COMPILER_APPICON_NAME = AppIcon;
				ASSETCATALOG_COMPILER_GLOBAL_ACCENT_COLOR_NAME = AccentColor;
				CODE_SIGN_STYLE = Automatic;
				CURRENT_PROJECT_VERSION = 1;
				DEVELOPMENT_TEAM = 24489HL9PA;
				GENERATE_INFOPLIST_FILE = YES;
				INFOPLIST_FILE = ProjectCamera/Info.plist;
				INFOPLIST_KEY_NSCameraUsageDescription = "";
				INFOPLIST_KEY_UIApplicationSupportsIndirectInputEvents = YES;
				INFOPLIST_KEY_UILaunchStoryboardName = LaunchScreen;
				INFOPLIST_KEY_UIMainStoryboardFile = Main;
				INFOPLIST_KEY_UISupportedInterfaceOrientations_iPad = "UIInterfaceOrientationPortrait UIInterfaceOrientationPortraitUpsideDown UIInterfaceOrientationLandscapeLeft UIInterfaceOrientationLandscapeRight";
				INFOPLIST_KEY_UISupportedInterfaceOrientations_iPhone = "UIInterfaceOrientationPortrait UIInterfaceOrientationLandscapeLeft UIInterfaceOrientationLandscapeRight";
				LD_RUNPATH_SEARCH_PATHS = (
					"$(inherited)",
					"@executable_path/Frameworks",
				);
				MARKETING_VERSION = 1.0;
				PRODUCT_BUNDLE_IDENTIFIER = com.sojin.ProjectCamera;
				PRODUCT_NAME = "$(TARGET_NAME)";
				SWIFT_EMIT_LOC_STRINGS = YES;
				SWIFT_VERSION = 5.0;
				TARGETED_DEVICE_FAMILY = "1,2";
			};
			name = Debug;
		};
		AAA17FD42C8FF355002D2276 /* Release */ = {
			isa = XCBuildConfiguration;
			buildSettings = {
				ASSETCATALOG_COMPILER_APPICON_NAME = AppIcon;
				ASSETCATALOG_COMPILER_GLOBAL_ACCENT_COLOR_NAME = AccentColor;
				CODE_SIGN_STYLE = Automatic;
				CURRENT_PROJECT_VERSION = 1;
				DEVELOPMENT_TEAM = 24489HL9PA;
				GENERATE_INFOPLIST_FILE = YES;
				INFOPLIST_FILE = ProjectCamera/Info.plist;
				INFOPLIST_KEY_NSCameraUsageDescription = "";
				INFOPLIST_KEY_UIApplicationSupportsIndirectInputEvents = YES;
				INFOPLIST_KEY_UILaunchStoryboardName = LaunchScreen;
				INFOPLIST_KEY_UIMainStoryboardFile = Main;
				INFOPLIST_KEY_UISupportedInterfaceOrientations_iPad = "UIInterfaceOrientationPortrait UIInterfaceOrientationPortraitUpsideDown UIInterfaceOrientationLandscapeLeft UIInterfaceOrientationLandscapeRight";
				INFOPLIST_KEY_UISupportedInterfaceOrientations_iPhone = "UIInterfaceOrientationPortrait UIInterfaceOrientationLandscapeLeft UIInterfaceOrientationLandscapeRight";
				LD_RUNPATH_SEARCH_PATHS = (
					"$(inherited)",
					"@executable_path/Frameworks",
				);
				MARKETING_VERSION = 1.0;
				PRODUCT_BUNDLE_IDENTIFIER = com.sojin.ProjectCamera;
				PRODUCT_NAME = "$(TARGET_NAME)";
				SWIFT_EMIT_LOC_STRINGS = YES;
				SWIFT_VERSION = 5.0;
				TARGETED_DEVICE_FAMILY = "1,2";
			};
			name = Release;
		};
		AAA17FD62C8FF355002D2276 /* Debug */ = {
			isa = XCBuildConfiguration;
			buildSettings = {
				ALWAYS_EMBED_SWIFT_STANDARD_LIBRARIES = YES;
				BUNDLE_LOADER = "$(TEST_HOST)";
				CODE_SIGN_STYLE = Automatic;
				CURRENT_PROJECT_VERSION = 1;
				DEVELOPMENT_TEAM = 24489HL9PA;
				GENERATE_INFOPLIST_FILE = YES;
				IPHONEOS_DEPLOYMENT_TARGET = 17.5;
				MARKETING_VERSION = 1.0;
				PRODUCT_BUNDLE_IDENTIFIER = com.sojin.ProjectCameraTests;
				PRODUCT_NAME = "$(TARGET_NAME)";
				SWIFT_EMIT_LOC_STRINGS = NO;
				SWIFT_VERSION = 5.0;
				TARGETED_DEVICE_FAMILY = "1,2";
				TEST_HOST = "$(BUILT_PRODUCTS_DIR)/ProjectCamera.app/$(BUNDLE_EXECUTABLE_FOLDER_PATH)/ProjectCamera";
			};
			name = Debug;
		};
		AAA17FD72C8FF355002D2276 /* Release */ = {
			isa = XCBuildConfiguration;
			buildSettings = {
				ALWAYS_EMBED_SWIFT_STANDARD_LIBRARIES = YES;
				BUNDLE_LOADER = "$(TEST_HOST)";
				CODE_SIGN_STYLE = Automatic;
				CURRENT_PROJECT_VERSION = 1;
				DEVELOPMENT_TEAM = 24489HL9PA;
				GENERATE_INFOPLIST_FILE = YES;
				IPHONEOS_DEPLOYMENT_TARGET = 17.5;
				MARKETING_VERSION = 1.0;
				PRODUCT_BUNDLE_IDENTIFIER = com.sojin.ProjectCameraTests;
				PRODUCT_NAME = "$(TARGET_NAME)";
				SWIFT_EMIT_LOC_STRINGS = NO;
				SWIFT_VERSION = 5.0;
				TARGETED_DEVICE_FAMILY = "1,2";
				TEST_HOST = "$(BUILT_PRODUCTS_DIR)/ProjectCamera.app/$(BUNDLE_EXECUTABLE_FOLDER_PATH)/ProjectCamera";
			};
			name = Release;
		};
		AAA17FD92C8FF355002D2276 /* Debug */ = {
			isa = XCBuildConfiguration;
			buildSettings = {
				ALWAYS_EMBED_SWIFT_STANDARD_LIBRARIES = YES;
				CODE_SIGN_STYLE = Automatic;
				CURRENT_PROJECT_VERSION = 1;
				DEVELOPMENT_TEAM = 24489HL9PA;
				GENERATE_INFOPLIST_FILE = YES;
				MARKETING_VERSION = 1.0;
				PRODUCT_BUNDLE_IDENTIFIER = com.sojin.ProjectCameraUITests;
				PRODUCT_NAME = "$(TARGET_NAME)";
				SWIFT_EMIT_LOC_STRINGS = NO;
				SWIFT_VERSION = 5.0;
				TARGETED_DEVICE_FAMILY = "1,2";
				TEST_TARGET_NAME = ProjectCamera;
			};
			name = Debug;
		};
		AAA17FDA2C8FF355002D2276 /* Release */ = {
			isa = XCBuildConfiguration;
			buildSettings = {
				ALWAYS_EMBED_SWIFT_STANDARD_LIBRARIES = YES;
				CODE_SIGN_STYLE = Automatic;
				CURRENT_PROJECT_VERSION = 1;
				DEVELOPMENT_TEAM = 24489HL9PA;
				GENERATE_INFOPLIST_FILE = YES;
				MARKETING_VERSION = 1.0;
				PRODUCT_BUNDLE_IDENTIFIER = com.sojin.ProjectCameraUITests;
				PRODUCT_NAME = "$(TARGET_NAME)";
				SWIFT_EMIT_LOC_STRINGS = NO;
				SWIFT_VERSION = 5.0;
				TARGETED_DEVICE_FAMILY = "1,2";
				TEST_TARGET_NAME = ProjectCamera;
			};
			name = Release;
		};
/* End XCBuildConfiguration section */

/* Begin XCConfigurationList section */
		AAA17FA32C8FF354002D2276 /* Build configuration list for PBXProject "ProjectCamera" */ = {
			isa = XCConfigurationList;
			buildConfigurations = (
				AAA17FD02C8FF355002D2276 /* Debug */,
				AAA17FD12C8FF355002D2276 /* Release */,
			);
			defaultConfigurationIsVisible = 0;
			defaultConfigurationName = Release;
		};
		AAA17FD22C8FF355002D2276 /* Build configuration list for PBXNativeTarget "ProjectCamera" */ = {
			isa = XCConfigurationList;
			buildConfigurations = (
				AAA17FD32C8FF355002D2276 /* Debug */,
				AAA17FD42C8FF355002D2276 /* Release */,
			);
			defaultConfigurationIsVisible = 0;
			defaultConfigurationName = Release;
		};
		AAA17FD52C8FF355002D2276 /* Build configuration list for PBXNativeTarget "ProjectCameraTests" */ = {
			isa = XCConfigurationList;
			buildConfigurations = (
				AAA17FD62C8FF355002D2276 /* Debug */,
				AAA17FD72C8FF355002D2276 /* Release */,
			);
			defaultConfigurationIsVisible = 0;
			defaultConfigurationName = Release;
		};
		AAA17FD82C8FF355002D2276 /* Build configuration list for PBXNativeTarget "ProjectCameraUITests" */ = {
			isa = XCConfigurationList;
			buildConfigurations = (
				AAA17FD92C8FF355002D2276 /* Debug */,
				AAA17FDA2C8FF355002D2276 /* Release */,
			);
			defaultConfigurationIsVisible = 0;
			defaultConfigurationName = Release;
		};
/* End XCConfigurationList section */
	};
	rootObject = AAA17FA02C8FF354002D2276 /* Project object */;
}
